
Microsoft Visual Studio Solution File, Format Version 12.00
# Visual Studio Version 16
VisualStudioVersion = 16.0.30907.101
MinimumVisualStudioVersion = 10.0.40219.1
Project("{FAE04EC0-301F-11D3-BF4B-00C04F79EFBC}") = "hackathon", "hackathon\hackathon.csproj", "{EAB4FB6F-4CF2-4F8D-B336-6AAB433D130C}"
EndProject
Global
	GlobalSection(SolutionConfigurationPlatforms) = preSolution
		Debug|Any CPU = Debug|Any CPU
		Release|Any CPU = Release|Any CPU
	EndGlobalSection
	GlobalSection(ProjectConfigurationPlatforms) = postSolution
		{EAB4FB6F-4CF2-4F8D-B336-6AAB433D130C}.Debug|Any CPU.ActiveCfg = Debug|Any CPU
		{EAB4FB6F-4CF2-4F8D-B336-6AAB433D130C}.Debug|Any CPU.Build.0 = Debug|Any CPU
		{EAB4FB6F-4CF2-4F8D-B336-6AAB433D130C}.Release|Any CPU.ActiveCfg = Release|Any CPU
		{EAB4FB6F-4CF2-4F8D-B336-6AAB433D130C}.Release|Any CPU.Build.0 = Release|Any CPU
	EndGlobalSection
	GlobalSection(SolutionProperties) = preSolution
		HideSolutionNode = FALSE
	EndGlobalSection
	GlobalSection(ExtensibilityGlobals) = postSolution
		SolutionGuid = {15EB5477-3842-4A35-ABB8-87CCCE003D06}
	EndGlobalSection
EndGlobal
